PODS:
  - Alamofire (5.7.1)
  - Daysquare (0.1.0)
  - FacebookCore (0.9.0):
    - FBSDKCoreKit (~> 5.0)
  - FacebookLogin (0.9.0):
    - FacebookCore (~> 0.9.0)
    - FBSDKCoreKit (~> 5.0)
    - FBSDKLoginKit (~> 5.0)
  - FBSDKCoreKit (5.15.1):
    - FBSDKCoreKit/Basics (= 5.15.1)
    - FBSDKCoreKit/Core (= 5.15.1)
  - FBSDKCoreKit/Basics (5.15.1)
  - FBSDKCoreKit/Core (5.15.1):
    - FBSDKCoreKit/Basics
  - FBSDKLoginKit (5.15.1):
    - FBSDKLoginKit/Login (= 5.15.1)
  - FBSDKLoginKit/Login (5.15.1):
    - FBSDKCoreKit (~> 5.0)
  - ijkplayer (1.1.2)
  - Localize-Swift (2.0.0)
  - Socket.IO-Client-Swift (12.0.0):
    - StarscreamSocketIO (~> 8.0.7)
  - StarscreamSocketIO (8.0.7)
  - TLPhotoPicker (2.1.9)

DEPENDENCIES:
  - Alamofire
  - Daysquare (from `https://github.com/unixzii/Daysquare.git`)
  - FacebookCore (~> 0.9.0)
  - FacebookLogin (~> 0.9.0)
  - ijkplayer
  - Localize-Swift
  - Socket.IO-Client-Swift (~> 12.0.0)
  - TLPhotoPicker

SPEC REPOS:
  trunk:
    - Alamofire
    - FacebookCore
    - FacebookLogin
    - FBSDKCoreKit
    - FBSDKLoginKit
    - ijkplayer
    - Localize-Swift
    - Socket.IO-Client-Swift
    - StarscreamSocketIO
    - TLPhotoPicker

EXTERNAL SOURCES:
  Daysquare:
    :git: https://github.com/unixzii/Daysquare.git

CHECKOUT OPTIONS:
  Daysquare:
    :commit: 9ab2710b56bccf0c843e2c8cc585ee76255592a5
    :git: https://github.com/unixzii/Daysquare.git

SPEC CHECKSUMS:
  Alamofire: 0123a34370cb170936ae79a8df46cc62b2edeb88
  Daysquare: 682586c9b2a96958633e2f967a43054a718d1a09
  FacebookCore: ba86524b66cfa86d0f8e65d08faa8504a9f732dd
  FacebookLogin: 6cee9fd6e1fe976fe8f7eec199e27b28b14f5d63
  FBSDKCoreKit: 1d5acf7c9d7a2f92bb1a242dc60cae5b7adb91df
  FBSDKLoginKit: f1ea8026a58b52d30c9f2e6a58ca7d813619fb83
  ijkplayer: da342ca5262c25ed7166c5b73a94c1548496000e
  Localize-Swift: c798ec9286494866f7068f85f7c71283ac5bdab4
  Socket.IO-Client-Swift: 5b0154b42b3892bfb4c44fa138cbeb8afec4f6ef
  StarscreamSocketIO: 00b54e4208481ca5cef089545353aaf126bae16d
  TLPhotoPicker: 939c40eaad130b69f9571e61e021e8120fa76329

PODFILE CHECKSUM: 28acdc4b22e7268b18f8d44e05c8563fa0e91981

COCOAPODS: 1.12.1
